
Microsoft Visual Studio Solution File, Format Version 12.00
# Visual Studio Version 17
VisualStudioVersion = 17.2.32505.173
MinimumVisualStudioVersion = 10.0.40219.1
Project("{FAE04EC0-301F-11D3-BF4B-00C04F79EFBC}") = "IMS.WebApp", "IMS.WebApp\IMS.WebApp.csproj", "{57EEF2DD-B8B5-4FF0-8A0D-FB961349101E}"
EndProject
Project("{FAE04EC0-301F-11D3-BF4B-00C04F79EFBC}") = "IMS.CoreBusiness", "IMS.CoreBusiness\IMS.CoreBusiness.csproj", "{0278CBD5-B8DC-44AE-9953-FBC10B4A77E0}"
EndProject
Project("{FAE04EC0-301F-11D3-BF4B-00C04F79EFBC}") = "IMS.UseCase", "IMS.UseCase\IMS.UseCase.csproj", "{36665414-BBB2-4F43-B496-BAD863E86F4E}"
EndProject
Project("{2150E333-8FDC-42A3-9474-1A3956D46DE8}") = "IMS.Plugins", "IMS.Plugins", "{ADA22D91-DD45-4411-88FB-E33FE6103FDB}"
EndProject
Project("{FAE04EC0-301F-11D3-BF4B-00C04F79EFBC}") = "IMS.Plugins.InMemory", "IMS.Plugins\IMS.Plugins.InMemory\IMS.Plugins.InMemory.csproj", "{5F876898-503D-4371-A4C1-A2DDEAD20995}"
EndProject
Project("{FAE04EC0-301F-11D3-BF4B-00C04F79EFBC}") = "IMS.Plugins.EFCoreSqlServer", "IMS.Plugins.EFCoreSqlServer\IMS.Plugins.EFCoreSqlServer.csproj", "{8413941E-F35C-4165-9C59-20BEC1757520}"
EndProject
Global
	GlobalSection(SolutionConfigurationPlatforms) = preSolution
		Debug|Any CPU = Debug|Any CPU
		Release|Any CPU = Release|Any CPU
	EndGlobalSection
	GlobalSection(ProjectConfigurationPlatforms) = postSolution
		{57EEF2DD-B8B5-4FF0-8A0D-FB961349101E}.Debug|Any CPU.ActiveCfg = Debug|Any CPU
		{57EEF2DD-B8B5-4FF0-8A0D-FB961349101E}.Debug|Any CPU.Build.0 = Debug|Any CPU
		{57EEF2DD-B8B5-4FF0-8A0D-FB961349101E}.Release|Any CPU.ActiveCfg = Release|Any CPU
		{57EEF2DD-B8B5-4FF0-8A0D-FB961349101E}.Release|Any CPU.Build.0 = Release|Any CPU
		{0278CBD5-B8DC-44AE-9953-FBC10B4A77E0}.Debug|Any CPU.ActiveCfg = Debug|Any CPU
		{0278CBD5-B8DC-44AE-9953-FBC10B4A77E0}.Debug|Any CPU.Build.0 = Debug|Any CPU
		{0278CBD5-B8DC-44AE-9953-FBC10B4A77E0}.Release|Any CPU.ActiveCfg = Release|Any CPU
		{0278CBD5-B8DC-44AE-9953-FBC10B4A77E0}.Release|Any CPU.Build.0 = Release|Any CPU
		{36665414-BBB2-4F43-B496-BAD863E86F4E}.Debug|Any CPU.ActiveCfg = Debug|Any CPU
		{36665414-BBB2-4F43-B496-BAD863E86F4E}.Debug|Any CPU.Build.0 = Debug|Any CPU
		{36665414-BBB2-4F43-B496-BAD863E86F4E}.Release|Any CPU.ActiveCfg = Release|Any CPU
		{36665414-BBB2-4F43-B496-BAD863E86F4E}.Release|Any CPU.Build.0 = Release|Any CPU
		{5F876898-503D-4371-A4C1-A2DDEAD20995}.Debug|Any CPU.ActiveCfg = Debug|Any CPU
		{5F876898-503D-4371-A4C1-A2DDEAD20995}.Debug|Any CPU.Build.0 = Debug|Any CPU
		{5F876898-503D-4371-A4C1-A2DDEAD20995}.Release|Any CPU.ActiveCfg = Release|Any CPU
		{5F876898-503D-4371-A4C1-A2DDEAD20995}.Release|Any CPU.Build.0 = Release|Any CPU
		{8413941E-F35C-4165-9C59-20BEC1757520}.Debug|Any CPU.ActiveCfg = Debug|Any CPU
		{8413941E-F35C-4165-9C59-20BEC1757520}.Debug|Any CPU.Build.0 = Debug|Any CPU
		{8413941E-F35C-4165-9C59-20BEC1757520}.Release|Any CPU.ActiveCfg = Release|Any CPU
		{8413941E-F35C-4165-9C59-20BEC1757520}.Release|Any CPU.Build.0 = Release|Any CPU
	EndGlobalSection
	GlobalSection(SolutionProperties) = preSolution
		HideSolutionNode = FALSE
	EndGlobalSection
	GlobalSection(NestedProjects) = preSolution
		{5F876898-503D-4371-A4C1-A2DDEAD20995} = {ADA22D91-DD45-4411-88FB-E33FE6103FDB}
		{8413941E-F35C-4165-9C59-20BEC1757520} = {ADA22D91-DD45-4411-88FB-E33FE6103FDB}
	EndGlobalSection
	GlobalSection(ExtensibilityGlobals) = postSolution
		SolutionGuid = {615DDBFE-8449-45BF-A4B0-6B6242714F6E}
	EndGlobalSection
EndGlobal
